
Microsoft Visual Studio Solution File, Format Version 12.00
Project("{FAE04EC0-301F-11D3-BF4B-00C04F79EFBC}") = "cAlgo.API.Ext", "cAlgo.API.Ext\cAlgo.API.Ext.csproj", "{EAEE6026-8B01-41B9-BA6D-002DFDD4FE58}"
EndProject
Project("{FAE04EC0-301F-11D3-BF4B-00C04F79EFBC}") = "cAlgo.API.Ext.Tests", "cAlgo.API.Ext.Tests\cAlgo.API.Ext.Tests.csproj", "{E5B4272E-0C5D-4DFD-ACFE-3872F2ABAD79}"
EndProject
Global
	GlobalSection(SolutionConfigurationPlatforms) = preSolution
		Debug|Any CPU = Debug|Any CPU
		Release|Any CPU = Release|Any CPU
	EndGlobalSection
	GlobalSection(ProjectConfigurationPlatforms) = postSolution
		{EAEE6026-8B01-41B9-BA6D-002DFDD4FE58}.Debug|Any CPU.ActiveCfg = Debug|Any CPU
		{EAEE6026-8B01-41B9-BA6D-002DFDD4FE58}.Debug|Any CPU.Build.0 = Debug|Any CPU
		{EAEE6026-8B01-41B9-BA6D-002DFDD4FE58}.Release|Any CPU.ActiveCfg = Release|Any CPU
		{EAEE6026-8B01-41B9-BA6D-002DFDD4FE58}.Release|Any CPU.Build.0 = Release|Any CPU
		{E5B4272E-0C5D-4DFD-ACFE-3872F2ABAD79}.Debug|Any CPU.ActiveCfg = Debug|Any CPU
		{E5B4272E-0C5D-4DFD-ACFE-3872F2ABAD79}.Debug|Any CPU.Build.0 = Debug|Any CPU
		{E5B4272E-0C5D-4DFD-ACFE-3872F2ABAD79}.Release|Any CPU.ActiveCfg = Release|Any CPU
		{E5B4272E-0C5D-4DFD-ACFE-3872F2ABAD79}.Release|Any CPU.Build.0 = Release|Any CPU
	EndGlobalSection
EndGlobal
